// !$*UTF8*$!
{
	archiveVersion = 1;
	classes = {
	};
	objectVersion = 55;
	objects = {

/* Begin PBXBuildFile section */
		AB431B8F28C9531600A99646 /* AppDelegate.swift in Sources */ = {isa = PBXBuildFile; fileRef = AB431B8E28C9531600A99646 /* AppDelegate.swift */; };
		AB431B9128C9531600A99646 /* SceneDelegate.swift in Sources */ = {isa = PBXBuildFile; fileRef = AB431B9028C9531600A99646 /* SceneDelegate.swift */; };
		AB431B9628C9531600A99646 /* Main.storyboard in Resources */ = {isa = PBXBuildFile; fileRef = AB431B9428C9531600A99646 /* Main.storyboard */; };
		AB431B9828C9531700A99646 /* Assets.xcassets in Resources */ = {isa = PBXBuildFile; fileRef = AB431B9728C9531700A99646 /* Assets.xcassets */; };
		AB431B9B28C9531700A99646 /* LaunchScreen.storyboard in Resources */ = {isa = PBXBuildFile; fileRef = AB431B9928C9531700A99646 /* LaunchScreen.storyboard */; };
		AB431BA628C9531700A99646 /* TheMoviewDBappTests.swift in Sources */ = {isa = PBXBuildFile; fileRef = AB431BA528C9531700A99646 /* TheMoviewDBappTests.swift */; };
		AB431BB028C9531700A99646 /* TheMoviewDBappUITests.swift in Sources */ = {isa = PBXBuildFile; fileRef = AB431BAF28C9531700A99646 /* TheMoviewDBappUITests.swift */; };
		AB431BB228C9531700A99646 /* TheMoviewDBappUITestsLaunchTests.swift in Sources */ = {isa = PBXBuildFile; fileRef = AB431BB128C9531700A99646 /* TheMoviewDBappUITestsLaunchTests.swift */; };
		AB431BC228C955AF00A99646 /* InitViewController.swift in Sources */ = {isa = PBXBuildFile; fileRef = AB431BC128C955AF00A99646 /* InitViewController.swift */; };
		AB431BC428C955DB00A99646 /* InitInteractor.swift in Sources */ = {isa = PBXBuildFile; fileRef = AB431BC328C955DB00A99646 /* InitInteractor.swift */; };
		AB431BC628C955E600A99646 /* InitPresenter.swift in Sources */ = {isa = PBXBuildFile; fileRef = AB431BC528C955E600A99646 /* InitPresenter.swift */; };
		AB431BC828C955F500A99646 /* InitEntity.swift in Sources */ = {isa = PBXBuildFile; fileRef = AB431BC728C955F500A99646 /* InitEntity.swift */; };
		AB431BCA28C9560800A99646 /* InitRouter.swift in Sources */ = {isa = PBXBuildFile; fileRef = AB431BC928C9560800A99646 /* InitRouter.swift */; };
		AB431BCC28C9561800A99646 /* InitProtocols.swift in Sources */ = {isa = PBXBuildFile; fileRef = AB431BCB28C9561800A99646 /* InitProtocols.swift */; };
		AB431BCF28C957F900A99646 /* Login.storyboard in Resources */ = {isa = PBXBuildFile; fileRef = AB431BCE28C957F900A99646 /* Login.storyboard */; };
		AB431BD128C9580F00A99646 /* LoginViewController.swift in Sources */ = {isa = PBXBuildFile; fileRef = AB431BD028C9580F00A99646 /* LoginViewController.swift */; };
		AB431BD328C9583500A99646 /* LoginInteractor.swift in Sources */ = {isa = PBXBuildFile; fileRef = AB431BD228C9583500A99646 /* LoginInteractor.swift */; };
		AB431BD528C9583F00A99646 /* LoginPresenter.swift in Sources */ = {isa = PBXBuildFile; fileRef = AB431BD428C9583F00A99646 /* LoginPresenter.swift */; };
		AB431BD728C9585600A99646 /* LoginEntity.swift in Sources */ = {isa = PBXBuildFile; fileRef = AB431BD628C9585600A99646 /* LoginEntity.swift */; };
		AB431BD928C9586600A99646 /* LoginRouter.swift in Sources */ = {isa = PBXBuildFile; fileRef = AB431BD828C9586600A99646 /* LoginRouter.swift */; };
		AB431BDB28C9587A00A99646 /* LoginProtocols.swift in Sources */ = {isa = PBXBuildFile; fileRef = AB431BDA28C9587A00A99646 /* LoginProtocols.swift */; };
		AB431BDE28C9663F00A99646 /* Extension + UI.swift in Sources */ = {isa = PBXBuildFile; fileRef = AB431BDD28C9663F00A99646 /* Extension + UI.swift */; };
		AB4419EE28CBA5260054BFA9 /* LoaderViewController.swift in Sources */ = {isa = PBXBuildFile; fileRef = AB4419ED28CBA5260054BFA9 /* LoaderViewController.swift */; };
		AB4419F028CBA5360054BFA9 /* Loader.storyboard in Resources */ = {isa = PBXBuildFile; fileRef = AB4419EF28CBA5360054BFA9 /* Loader.storyboard */; };
		AB71B17C28CA3C4D005AF103 /* MovieDetail.storyboard in Resources */ = {isa = PBXBuildFile; fileRef = AB71B17B28CA3C4D005AF103 /* MovieDetail.storyboard */; };
		AB71B17E28CA3C63005AF103 /* MovieDetailViewController.swift in Sources */ = {isa = PBXBuildFile; fileRef = AB71B17D28CA3C63005AF103 /* MovieDetailViewController.swift */; };
		AB71B18028CA3C78005AF103 /* MovieDetailInteractor.swift in Sources */ = {isa = PBXBuildFile; fileRef = AB71B17F28CA3C78005AF103 /* MovieDetailInteractor.swift */; };
		AB71B18228CA3C91005AF103 /* MovieDetailPresenter.swift in Sources */ = {isa = PBXBuildFile; fileRef = AB71B18128CA3C91005AF103 /* MovieDetailPresenter.swift */; };
		AB71B18428CA3CA5005AF103 /* MovieDetailEntity.swift in Sources */ = {isa = PBXBuildFile; fileRef = AB71B18328CA3CA5005AF103 /* MovieDetailEntity.swift */; };
		AB71B18628CA3CAF005AF103 /* MovieDetailRouter.swift in Sources */ = {isa = PBXBuildFile; fileRef = AB71B18528CA3CAF005AF103 /* MovieDetailRouter.swift */; };
		AB71B18828CA3CBC005AF103 /* MovieDetailProtocols.swift in Sources */ = {isa = PBXBuildFile; fileRef = AB71B18728CA3CBC005AF103 /* MovieDetailProtocols.swift */; };
		AB71B18C28CA418C005AF103 /* Profile.storyboard in Resources */ = {isa = PBXBuildFile; fileRef = AB71B18B28CA418C005AF103 /* Profile.storyboard */; };
		AB71B18E28CA4197005AF103 /* ProfileViewController.swift in Sources */ = {isa = PBXBuildFile; fileRef = AB71B18D28CA4197005AF103 /* ProfileViewController.swift */; };
		AB71B19028CA41B8005AF103 /* ProfileInteractor.swift in Sources */ = {isa = PBXBuildFile; fileRef = AB71B18F28CA41B8005AF103 /* ProfileInteractor.swift */; };
		AB71B19228CA41D6005AF103 /* ProfilePresenter.swift in Sources */ = {isa = PBXBuildFile; fileRef = AB71B19128CA41D6005AF103 /* ProfilePresenter.swift */; };
		AB71B19428CA41F1005AF103 /* ProfileEntity.swift in Sources */ = {isa = PBXBuildFile; fileRef = AB71B19328CA41F1005AF103 /* ProfileEntity.swift */; };
		AB71B19628CA4206005AF103 /* ProfileRouter.swift in Sources */ = {isa = PBXBuildFile; fileRef = AB71B19528CA4206005AF103 /* ProfileRouter.swift */; };
		AB71B19828CA4224005AF103 /* ProfileProtocols.swift in Sources */ = {isa = PBXBuildFile; fileRef = AB71B19728CA4224005AF103 /* ProfileProtocols.swift */; };
		AB71B19B28CA4B1E005AF103 /* Networking.swift in Sources */ = {isa = PBXBuildFile; fileRef = AB71B19A28CA4B1E005AF103 /* Networking.swift */; };
		AB71B19D28CA4BCA005AF103 /* Constants.swift in Sources */ = {isa = PBXBuildFile; fileRef = AB71B19C28CA4BCA005AF103 /* Constants.swift */; };
		AB71B19F28CA4C77005AF103 /* Endpoints.swift in Sources */ = {isa = PBXBuildFile; fileRef = AB71B19E28CA4C77005AF103 /* Endpoints.swift */; };
		ABC932DF28C9979900849DE5 /* HomeViewController.swift in Sources */ = {isa = PBXBuildFile; fileRef = ABC932DE28C9979900849DE5 /* HomeViewController.swift */; };
		ABC932E128C997A700849DE5 /* HomeInteractor.swift in Sources */ = {isa = PBXBuildFile; fileRef = ABC932E028C997A700849DE5 /* HomeInteractor.swift */; };
		ABC932E328C997AF00849DE5 /* HomePresenter.swift in Sources */ = {isa = PBXBuildFile; fileRef = ABC932E228C997AF00849DE5 /* HomePresenter.swift */; };
		ABC932E528C997BB00849DE5 /* HomeEntity.swift in Sources */ = {isa = PBXBuildFile; fileRef = ABC932E428C997BB00849DE5 /* HomeEntity.swift */; };
		ABC932E728C997C500849DE5 /* HomeRouter.swift in Sources */ = {isa = PBXBuildFile; fileRef = ABC932E628C997C500849DE5 /* HomeRouter.swift */; };
		ABC932E928C997CE00849DE5 /* HomeProtocols.swift in Sources */ = {isa = PBXBuildFile; fileRef = ABC932E828C997CE00849DE5 /* HomeProtocols.swift */; };
		ABC932EB28C997D900849DE5 /* Home.storyboard in Resources */ = {isa = PBXBuildFile; fileRef = ABC932EA28C997D900849DE5 /* Home.storyboard */; };
		ABC932EF28C9C72400849DE5 /* MovieCollectionCell.swift in Sources */ = {isa = PBXBuildFile; fileRef = ABC932ED28C9C72400849DE5 /* MovieCollectionCell.swift */; };
		ABC932F028C9C72400849DE5 /* MovieCollectionCell.xib in Resources */ = {isa = PBXBuildFile; fileRef = ABC932EE28C9C72400849DE5 /* MovieCollectionCell.xib */; };
/* End PBXBuildFile section */

/* Begin PBXContainerItemProxy section */
		AB431BA228C9531700A99646 /* PBXContainerItemProxy */ = {
			isa = PBXContainerItemProxy;
			containerPortal = AB431B8328C9531600A99646 /* Project object */;
			proxyType = 1;
			remoteGlobalIDString = AB431B8A28C9531600A99646;
			remoteInfo = TheMoviewDBapp;
		};
		AB431BAC28C9531700A99646 /* PBXContainerItemProxy */ = {
			isa = PBXContainerItemProxy;
			containerPortal = AB431B8328C9531600A99646 /* Project object */;
			proxyType = 1;
			remoteGlobalIDString = AB431B8A28C9531600A99646;
			remoteInfo = TheMoviewDBapp;
		};
/* End PBXContainerItemProxy section */

/* Begin PBXFileReference section */
		AB431B8B28C9531600A99646 /* TheMoviewDBapp.app */ = {isa = PBXFileReference; explicitFileType = wrapper.application; includeInIndex = 0; path = TheMoviewDBapp.app; sourceTree = BUILT_PRODUCTS_DIR; };
		AB431B8E28C9531600A99646 /* AppDelegate.swift */ = {isa = PBXFileReference; lastKnownFileType = sourcecode.swift; path = AppDelegate.swift; sourceTree = "<group>"; };
		AB431B9028C9531600A99646 /* SceneDelegate.swift */ = {isa = PBXFileReference; lastKnownFileType = sourcecode.swift; path = SceneDelegate.swift; sourceTree = "<group>"; };
		AB431B9528C9531600A99646 /* Base */ = {isa = PBXFileReference; lastKnownFileType = file.storyboard; name = Base; path = Base.lproj/Main.storyboard; sourceTree = "<group>"; };
		AB431B9728C9531700A99646 /* Assets.xcassets */ = {isa = PBXFileReference; lastKnownFileType = folder.assetcatalog; path = Assets.xcassets; sourceTree = "<group>"; };
		AB431B9A28C9531700A99646 /* Base */ = {isa = PBXFileReference; lastKnownFileType = file.storyboard; name = Base; path = Base.lproj/LaunchScreen.storyboard; sourceTree = "<group>"; };
		AB431B9C28C9531700A99646 /* Info.plist */ = {isa = PBXFileReference; lastKnownFileType = text.plist.xml; path = Info.plist; sourceTree = "<group>"; };
		AB431BA128C9531700A99646 /* TheMoviewDBappTests.xctest */ = {isa = PBXFileReference; explicitFileType = wrapper.cfbundle; includeInIndex = 0; path = TheMoviewDBappTests.xctest; sourceTree = BUILT_PRODUCTS_DIR; };
		AB431BA528C9531700A99646 /* TheMoviewDBappTests.swift */ = {isa = PBXFileReference; lastKnownFileType = sourcecode.swift; path = TheMoviewDBappTests.swift; sourceTree = "<group>"; };
		AB431BAB28C9531700A99646 /* TheMoviewDBappUITests.xctest */ = {isa = PBXFileReference; explicitFileType = wrapper.cfbundle; includeInIndex = 0; path = TheMoviewDBappUITests.xctest; sourceTree = BUILT_PRODUCTS_DIR; };
		AB431BAF28C9531700A99646 /* TheMoviewDBappUITests.swift */ = {isa = PBXFileReference; lastKnownFileType = sourcecode.swift; path = TheMoviewDBappUITests.swift; sourceTree = "<group>"; };
		AB431BB128C9531700A99646 /* TheMoviewDBappUITestsLaunchTests.swift */ = {isa = PBXFileReference; lastKnownFileType = sourcecode.swift; path = TheMoviewDBappUITestsLaunchTests.swift; sourceTree = "<group>"; };
		AB431BC128C955AF00A99646 /* InitViewController.swift */ = {isa = PBXFileReference; lastKnownFileType = sourcecode.swift; path = InitViewController.swift; sourceTree = "<group>"; };
		AB431BC328C955DB00A99646 /* InitInteractor.swift */ = {isa = PBXFileReference; lastKnownFileType = sourcecode.swift; path = InitInteractor.swift; sourceTree = "<group>"; };
		AB431BC528C955E600A99646 /* InitPresenter.swift */ = {isa = PBXFileReference; lastKnownFileType = sourcecode.swift; path = InitPresenter.swift; sourceTree = "<group>"; };
		AB431BC728C955F500A99646 /* InitEntity.swift */ = {isa = PBXFileReference; lastKnownFileType = sourcecode.swift; path = InitEntity.swift; sourceTree = "<group>"; };
		AB431BC928C9560800A99646 /* InitRouter.swift */ = {isa = PBXFileReference; lastKnownFileType = sourcecode.swift; path = InitRouter.swift; sourceTree = "<group>"; };
		AB431BCB28C9561800A99646 /* InitProtocols.swift */ = {isa = PBXFileReference; lastKnownFileType = sourcecode.swift; path = InitProtocols.swift; sourceTree = "<group>"; };
		AB431BCE28C957F900A99646 /* Login.storyboard */ = {isa = PBXFileReference; lastKnownFileType = file.storyboard; path = Login.storyboard; sourceTree = "<group>"; };
		AB431BD028C9580F00A99646 /* LoginViewController.swift */ = {isa = PBXFileReference; lastKnownFileType = sourcecode.swift; path = LoginViewController.swift; sourceTree = "<group>"; };
		AB431BD228C9583500A99646 /* LoginInteractor.swift */ = {isa = PBXFileReference; lastKnownFileType = sourcecode.swift; path = LoginInteractor.swift; sourceTree = "<group>"; };
		AB431BD428C9583F00A99646 /* LoginPresenter.swift */ = {isa = PBXFileReference; lastKnownFileType = sourcecode.swift; path = LoginPresenter.swift; sourceTree = "<group>"; };
		AB431BD628C9585600A99646 /* LoginEntity.swift */ = {isa = PBXFileReference; lastKnownFileType = sourcecode.swift; path = LoginEntity.swift; sourceTree = "<group>"; };
		AB431BD828C9586600A99646 /* LoginRouter.swift */ = {isa = PBXFileReference; lastKnownFileType = sourcecode.swift; path = LoginRouter.swift; sourceTree = "<group>"; };
		AB431BDA28C9587A00A99646 /* LoginProtocols.swift */ = {isa = PBXFileReference; lastKnownFileType = sourcecode.swift; path = LoginProtocols.swift; sourceTree = "<group>"; };
		AB431BDD28C9663F00A99646 /* Extension + UI.swift */ = {isa = PBXFileReference; lastKnownFileType = sourcecode.swift; path = "Extension + UI.swift"; sourceTree = "<group>"; };
		AB4419ED28CBA5260054BFA9 /* LoaderViewController.swift */ = {isa = PBXFileReference; lastKnownFileType = sourcecode.swift; path = LoaderViewController.swift; sourceTree = "<group>"; };
		AB4419EF28CBA5360054BFA9 /* Loader.storyboard */ = {isa = PBXFileReference; lastKnownFileType = file.storyboard; path = Loader.storyboard; sourceTree = "<group>"; };
		AB71B17B28CA3C4D005AF103 /* MovieDetail.storyboard */ = {isa = PBXFileReference; lastKnownFileType = file.storyboard; path = MovieDetail.storyboard; sourceTree = "<group>"; };
		AB71B17D28CA3C63005AF103 /* MovieDetailViewController.swift */ = {isa = PBXFileReference; lastKnownFileType = sourcecode.swift; path = MovieDetailViewController.swift; sourceTree = "<group>"; };
		AB71B17F28CA3C78005AF103 /* MovieDetailInteractor.swift */ = {isa = PBXFileReference; lastKnownFileType = sourcecode.swift; path = MovieDetailInteractor.swift; sourceTree = "<group>"; };
		AB71B18128CA3C91005AF103 /* MovieDetailPresenter.swift */ = {isa = PBXFileReference; lastKnownFileType = sourcecode.swift; path = MovieDetailPresenter.swift; sourceTree = "<group>"; };
		AB71B18328CA3CA5005AF103 /* MovieDetailEntity.swift */ = {isa = PBXFileReference; lastKnownFileType = sourcecode.swift; path = MovieDetailEntity.swift; sourceTree = "<group>"; };
		AB71B18528CA3CAF005AF103 /* MovieDetailRouter.swift */ = {isa = PBXFileReference; lastKnownFileType = sourcecode.swift; path = MovieDetailRouter.swift; sourceTree = "<group>"; };
		AB71B18728CA3CBC005AF103 /* MovieDetailProtocols.swift */ = {isa = PBXFileReference; lastKnownFileType = sourcecode.swift; path = MovieDetailProtocols.swift; sourceTree = "<group>"; };
		AB71B18B28CA418C005AF103 /* Profile.storyboard */ = {isa = PBXFileReference; lastKnownFileType = file.storyboard; path = Profile.storyboard; sourceTree = "<group>"; };
		AB71B18D28CA4197005AF103 /* ProfileViewController.swift */ = {isa = PBXFileReference; lastKnownFileType = sourcecode.swift; path = ProfileViewController.swift; sourceTree = "<group>"; };
		AB71B18F28CA41B8005AF103 /* ProfileInteractor.swift */ = {isa = PBXFileReference; lastKnownFileType = sourcecode.swift; path = ProfileInteractor.swift; sourceTree = "<group>"; };
		AB71B19128CA41D6005AF103 /* ProfilePresenter.swift */ = {isa = PBXFileReference; lastKnownFileType = sourcecode.swift; path = ProfilePresenter.swift; sourceTree = "<group>"; };
		AB71B19328CA41F1005AF103 /* ProfileEntity.swift */ = {isa = PBXFileReference; lastKnownFileType = sourcecode.swift; path = ProfileEntity.swift; sourceTree = "<group>"; };
		AB71B19528CA4206005AF103 /* ProfileRouter.swift */ = {isa = PBXFileReference; lastKnownFileType = sourcecode.swift; path = ProfileRouter.swift; sourceTree = "<group>"; };
		AB71B19728CA4224005AF103 /* ProfileProtocols.swift */ = {isa = PBXFileReference; lastKnownFileType = sourcecode.swift; path = ProfileProtocols.swift; sourceTree = "<group>"; };
		AB71B19A28CA4B1E005AF103 /* Networking.swift */ = {isa = PBXFileReference; lastKnownFileType = sourcecode.swift; path = Networking.swift; sourceTree = "<group>"; };
		AB71B19C28CA4BCA005AF103 /* Constants.swift */ = {isa = PBXFileReference; lastKnownFileType = sourcecode.swift; path = Constants.swift; sourceTree = "<group>"; };
		AB71B19E28CA4C77005AF103 /* Endpoints.swift */ = {isa = PBXFileReference; lastKnownFileType = sourcecode.swift; path = Endpoints.swift; sourceTree = "<group>"; };
		ABC932DE28C9979900849DE5 /* HomeViewController.swift */ = {isa = PBXFileReference; lastKnownFileType = sourcecode.swift; path = HomeViewController.swift; sourceTree = "<group>"; };
		ABC932E028C997A700849DE5 /* HomeInteractor.swift */ = {isa = PBXFileReference; lastKnownFileType = sourcecode.swift; path = HomeInteractor.swift; sourceTree = "<group>"; };
		ABC932E228C997AF00849DE5 /* HomePresenter.swift */ = {isa = PBXFileReference; lastKnownFileType = sourcecode.swift; path = HomePresenter.swift; sourceTree = "<group>"; };
		ABC932E428C997BB00849DE5 /* HomeEntity.swift */ = {isa = PBXFileReference; lastKnownFileType = sourcecode.swift; path = HomeEntity.swift; sourceTree = "<group>"; };
		ABC932E628C997C500849DE5 /* HomeRouter.swift */ = {isa = PBXFileReference; lastKnownFileType = sourcecode.swift; path = HomeRouter.swift; sourceTree = "<group>"; };
		ABC932E828C997CE00849DE5 /* HomeProtocols.swift */ = {isa = PBXFileReference; lastKnownFileType = sourcecode.swift; path = HomeProtocols.swift; sourceTree = "<group>"; };
		ABC932EA28C997D900849DE5 /* Home.storyboard */ = {isa = PBXFileReference; lastKnownFileType = file.storyboard; path = Home.storyboard; sourceTree = "<group>"; };
		ABC932ED28C9C72400849DE5 /* MovieCollectionCell.swift */ = {isa = PBXFileReference; lastKnownFileType = sourcecode.swift; path = MovieCollectionCell.swift; sourceTree = "<group>"; };
		ABC932EE28C9C72400849DE5 /* MovieCollectionCell.xib */ = {isa = PBXFileReference; lastKnownFileType = file.xib; path = MovieCollectionCell.xib; sourceTree = "<group>"; };
/* End PBXFileReference section */

/* Begin PBXFrameworksBuildPhase section */
		AB431B8828C9531600A99646 /* Frameworks */ = {
			isa = PBXFrameworksBuildPhase;
			buildActionMask = 2147483647;
			files = (
			);
			runOnlyForDeploymentPostprocessing = 0;
		};
		AB431B9E28C9531700A99646 /* Frameworks */ = {
			isa = PBXFrameworksBuildPhase;
			buildActionMask = 2147483647;
			files = (
			);
			runOnlyForDeploymentPostprocessing = 0;
		};
		AB431BA828C9531700A99646 /* Frameworks */ = {
			isa = PBXFrameworksBuildPhase;
			buildActionMask = 2147483647;
			files = (
			);
			runOnlyForDeploymentPostprocessing = 0;
		};
/* End PBXFrameworksBuildPhase section */

/* Begin PBXGroup section */
		AB431B8228C9531600A99646 = {
			isa = PBXGroup;
			children = (
				AB431B8D28C9531600A99646 /* TheMoviewDBapp */,
				AB431BA428C9531700A99646 /* TheMoviewDBappTests */,
				AB431BAE28C9531700A99646 /* TheMoviewDBappUITests */,
				AB431B8C28C9531600A99646 /* Products */,
			);
			sourceTree = "<group>";
		};
		AB431B8C28C9531600A99646 /* Products */ = {
			isa = PBXGroup;
			children = (
				AB431B8B28C9531600A99646 /* TheMoviewDBapp.app */,
				AB431BA128C9531700A99646 /* TheMoviewDBappTests.xctest */,
				AB431BAB28C9531700A99646 /* TheMoviewDBappUITests.xctest */,
			);
			name = Products;
			sourceTree = "<group>";
		};
		AB431B8D28C9531600A99646 /* TheMoviewDBapp */ = {
			isa = PBXGroup;
			children = (
				AB71B19928CA4B10005AF103 /* Networking */,
				AB71B18928CA4139005AF103 /* Config */,
				AB431BDC28C9660800A99646 /* Utils */,
				AB431BBE28C954D700A99646 /* Common */,
				AB431BBF28C9554200A99646 /* Flows */,
				AB431B9728C9531700A99646 /* Assets.xcassets */,
				AB431B9928C9531700A99646 /* LaunchScreen.storyboard */,
				AB431B9C28C9531700A99646 /* Info.plist */,
			);
			path = TheMoviewDBapp;
			sourceTree = "<group>";
		};
		AB431BA428C9531700A99646 /* TheMoviewDBappTests */ = {
			isa = PBXGroup;
			children = (
				AB431BA528C9531700A99646 /* TheMoviewDBappTests.swift */,
			);
			path = TheMoviewDBappTests;
			sourceTree = "<group>";
		};
		AB431BAE28C9531700A99646 /* TheMoviewDBappUITests */ = {
			isa = PBXGroup;
			children = (
				AB431BAF28C9531700A99646 /* TheMoviewDBappUITests.swift */,
				AB431BB128C9531700A99646 /* TheMoviewDBappUITestsLaunchTests.swift */,
			);
			path = TheMoviewDBappUITests;
			sourceTree = "<group>";
		};
		AB431BBE28C954D700A99646 /* Common */ = {
			isa = PBXGroup;
			children = (
				AB4419EC28CBA50B0054BFA9 /* Loader */,
				ABC932EC28C9C5EF00849DE5 /* CollectionCells */,
			);
			path = Common;
			sourceTree = "<group>";
		};
		AB431BBF28C9554200A99646 /* Flows */ = {
			isa = PBXGroup;
			children = (
				AB431BC028C9556400A99646 /* Init */,
				AB431BCD28C9579000A99646 /* Login */,
				AB431BDF28C996F200A99646 /* Home */,
				AB71B17A28CA3C36005AF103 /* MovieDetail */,
				AB71B17928CA3C1F005AF103 /* Porifle */,
			);
			path = Flows;
			sourceTree = "<group>";
		};
		AB431BC028C9556400A99646 /* Init */ = {
			isa = PBXGroup;
			children = (
				AB431B9428C9531600A99646 /* Main.storyboard */,
				AB431BC128C955AF00A99646 /* InitViewController.swift */,
				AB431BC328C955DB00A99646 /* InitInteractor.swift */,
				AB431BC528C955E600A99646 /* InitPresenter.swift */,
				AB431BC728C955F500A99646 /* InitEntity.swift */,
				AB431BC928C9560800A99646 /* InitRouter.swift */,
				AB431BCB28C9561800A99646 /* InitProtocols.swift */,
			);
			path = Init;
			sourceTree = "<group>";
		};
		AB431BCD28C9579000A99646 /* Login */ = {
			isa = PBXGroup;
			children = (
				AB431BCE28C957F900A99646 /* Login.storyboard */,
				AB431BD028C9580F00A99646 /* LoginViewController.swift */,
				AB431BD228C9583500A99646 /* LoginInteractor.swift */,
				AB431BD428C9583F00A99646 /* LoginPresenter.swift */,
				AB431BD628C9585600A99646 /* LoginEntity.swift */,
				AB431BD828C9586600A99646 /* LoginRouter.swift */,
				AB431BDA28C9587A00A99646 /* LoginProtocols.swift */,
			);
			path = Login;
			sourceTree = "<group>";
		};
		AB431BDC28C9660800A99646 /* Utils */ = {
			isa = PBXGroup;
			children = (
				AB431BDD28C9663F00A99646 /* Extension + UI.swift */,
				AB71B19C28CA4BCA005AF103 /* Constants.swift */,
				AB71B19E28CA4C77005AF103 /* Endpoints.swift */,
			);
			path = Utils;
			sourceTree = "<group>";
		};
		AB431BDF28C996F200A99646 /* Home */ = {
			isa = PBXGroup;
			children = (
				ABC932EA28C997D900849DE5 /* Home.storyboard */,
				ABC932DE28C9979900849DE5 /* HomeViewController.swift */,
				ABC932E028C997A700849DE5 /* HomeInteractor.swift */,
				ABC932E228C997AF00849DE5 /* HomePresenter.swift */,
				ABC932E428C997BB00849DE5 /* HomeEntity.swift */,
				ABC932E628C997C500849DE5 /* HomeRouter.swift */,
				ABC932E828C997CE00849DE5 /* HomeProtocols.swift */,
			);
			path = Home;
			sourceTree = "<group>";
		};
		AB4419EC28CBA50B0054BFA9 /* Loader */ = {
			isa = PBXGroup;
			children = (
				AB4419ED28CBA5260054BFA9 /* LoaderViewController.swift */,
				AB4419EF28CBA5360054BFA9 /* Loader.storyboard */,
			);
			path = Loader;
			sourceTree = "<group>";
		};
		AB71B17928CA3C1F005AF103 /* Porifle */ = {
			isa = PBXGroup;
			children = (
				AB71B18B28CA418C005AF103 /* Profile.storyboard */,
				AB71B18D28CA4197005AF103 /* ProfileViewController.swift */,
				AB71B18F28CA41B8005AF103 /* ProfileInteractor.swift */,
				AB71B19128CA41D6005AF103 /* ProfilePresenter.swift */,
				AB71B19328CA41F1005AF103 /* ProfileEntity.swift */,
				AB71B19528CA4206005AF103 /* ProfileRouter.swift */,
				AB71B19728CA4224005AF103 /* ProfileProtocols.swift */,
			);
			path = Porifle;
			sourceTree = "<group>";
		};
		AB71B17A28CA3C36005AF103 /* MovieDetail */ = {
			isa = PBXGroup;
			children = (
				AB71B17B28CA3C4D005AF103 /* MovieDetail.storyboard */,
				AB71B17D28CA3C63005AF103 /* MovieDetailViewController.swift */,
				AB71B17F28CA3C78005AF103 /* MovieDetailInteractor.swift */,
				AB71B18128CA3C91005AF103 /* MovieDetailPresenter.swift */,
				AB71B18328CA3CA5005AF103 /* MovieDetailEntity.swift */,
				AB71B18528CA3CAF005AF103 /* MovieDetailRouter.swift */,
				AB71B18728CA3CBC005AF103 /* MovieDetailProtocols.swift */,
			);
			path = MovieDetail;
			sourceTree = "<group>";
		};
		AB71B18928CA4139005AF103 /* Config */ = {
			isa = PBXGroup;
			children = (
				AB431B8E28C9531600A99646 /* AppDelegate.swift */,
				AB431B9028C9531600A99646 /* SceneDelegate.swift */,
			);
			path = Config;
			sourceTree = "<group>";
		};
		AB71B19928CA4B10005AF103 /* Networking */ = {
			isa = PBXGroup;
			children = (
				AB71B19A28CA4B1E005AF103 /* Networking.swift */,
			);
			path = Networking;
			sourceTree = "<group>";
		};
		ABC932EC28C9C5EF00849DE5 /* CollectionCells */ = {
			isa = PBXGroup;
			children = (
				ABC932ED28C9C72400849DE5 /* MovieCollectionCell.swift */,
				ABC932EE28C9C72400849DE5 /* MovieCollectionCell.xib */,
			);
			path = CollectionCells;
			sourceTree = "<group>";
		};
/* End PBXGroup section */

/* Begin PBXNativeTarget section */
		AB431B8A28C9531600A99646 /* TheMoviewDBapp */ = {
			isa = PBXNativeTarget;
			buildConfigurationList = AB431BB528C9531700A99646 /* Build configuration list for PBXNativeTarget "TheMoviewDBapp" */;
			buildPhases = (
				AB431B8728C9531600A99646 /* Sources */,
				AB431B8828C9531600A99646 /* Frameworks */,
				AB431B8928C9531600A99646 /* Resources */,
			);
			buildRules = (
			);
			dependencies = (
			);
			name = TheMoviewDBapp;
			productName = TheMoviewDBapp;
			productReference = AB431B8B28C9531600A99646 /* TheMoviewDBapp.app */;
			productType = "com.apple.product-type.application";
		};
		AB431BA028C9531700A99646 /* TheMoviewDBappTests */ = {
			isa = PBXNativeTarget;
			buildConfigurationList = AB431BB828C9531700A99646 /* Build configuration list for PBXNativeTarget "TheMoviewDBappTests" */;
			buildPhases = (
				AB431B9D28C9531700A99646 /* Sources */,
				AB431B9E28C9531700A99646 /* Frameworks */,
				AB431B9F28C9531700A99646 /* Resources */,
			);
			buildRules = (
			);
			dependencies = (
				AB431BA328C9531700A99646 /* PBXTargetDependency */,
			);
			name = TheMoviewDBappTests;
			productName = TheMoviewDBappTests;
			productReference = AB431BA128C9531700A99646 /* TheMoviewDBappTests.xctest */;
			productType = "com.apple.product-type.bundle.unit-test";
		};
		AB431BAA28C9531700A99646 /* TheMoviewDBappUITests */ = {
			isa = PBXNativeTarget;
			buildConfigurationList = AB431BBB28C9531700A99646 /* Build configuration list for PBXNativeTarget "TheMoviewDBappUITests" */;
			buildPhases = (
				AB431BA728C9531700A99646 /* Sources */,
				AB431BA828C9531700A99646 /* Frameworks */,
				AB431BA928C9531700A99646 /* Resources */,
			);
			buildRules = (
			);
			dependencies = (
				AB431BAD28C9531700A99646 /* PBXTargetDependency */,
			);
			name = TheMoviewDBappUITests;
			productName = TheMoviewDBappUITests;
			productReference = AB431BAB28C9531700A99646 /* TheMoviewDBappUITests.xctest */;
			productType = "com.apple.product-type.bundle.ui-testing";
		};
/* End PBXNativeTarget section */

/* Begin PBXProject section */
		AB431B8328C9531600A99646 /* Project object */ = {
			isa = PBXProject;
			attributes = {
				BuildIndependentTargetsInParallel = 1;
				LastSwiftUpdateCheck = 1340;
				LastUpgradeCheck = 1340;
				TargetAttributes = {
					AB431B8A28C9531600A99646 = {
						CreatedOnToolsVersion = 13.4.1;
					};
					AB431BA028C9531700A99646 = {
						CreatedOnToolsVersion = 13.4.1;
						TestTargetID = AB431B8A28C9531600A99646;
					};
					AB431BAA28C9531700A99646 = {
						CreatedOnToolsVersion = 13.4.1;
						TestTargetID = AB431B8A28C9531600A99646;
					};
				};
			};
			buildConfigurationList = AB431B8628C9531600A99646 /* Build configuration list for PBXProject "TheMoviewDBapp" */;
			compatibilityVersion = "Xcode 13.0";
			developmentRegion = en;
			hasScannedForEncodings = 0;
			knownRegions = (
				en,
				Base,
			);
			mainGroup = AB431B8228C9531600A99646;
			productRefGroup = AB431B8C28C9531600A99646 /* Products */;
			projectDirPath = "";
			projectRoot = "";
			targets = (
				AB431B8A28C9531600A99646 /* TheMoviewDBapp */,
				AB431BA028C9531700A99646 /* TheMoviewDBappTests */,
				AB431BAA28C9531700A99646 /* TheMoviewDBappUITests */,
			);
		};
/* End PBXProject section */

/* Begin PBXResourcesBuildPhase section */
		AB431B8928C9531600A99646 /* Resources */ = {
			isa = PBXResourcesBuildPhase;
			buildActionMask = 2147483647;
			files = (
				ABC932F028C9C72400849DE5 /* MovieCollectionCell.xib in Resources */,
				AB431BCF28C957F900A99646 /* Login.storyboard in Resources */,
				AB71B18C28CA418C005AF103 /* Profile.storyboard in Resources */,
				ABC932EB28C997D900849DE5 /* Home.storyboard in Resources */,
				AB4419F028CBA5360054BFA9 /* Loader.storyboard in Resources */,
				AB431B9B28C9531700A99646 /* LaunchScreen.storyboard in Resources */,
				AB71B17C28CA3C4D005AF103 /* MovieDetail.storyboard in Resources */,
				AB431B9828C9531700A99646 /* Assets.xcassets in Resources */,
				AB431B9628C9531600A99646 /* Main.storyboard in Resources */,
			);
			runOnlyForDeploymentPostprocessing = 0;
		};
		AB431B9F28C9531700A99646 /* Resources */ = {
			isa = PBXResourcesBuildPhase;
			buildActionMask = 2147483647;
			files = (
			);
			runOnlyForDeploymentPostprocessing = 0;
		};
		AB431BA928C9531700A99646 /* Resources */ = {
			isa = PBXResourcesBuildPhase;
			buildActionMask = 2147483647;
			files = (
			);
			runOnlyForDeploymentPostprocessing = 0;
		};
/* End PBXResourcesBuildPhase section */

/* Begin PBXSourcesBuildPhase section */
		AB431B8728C9531600A99646 /* Sources */ = {
			isa = PBXSourcesBuildPhase;
			buildActionMask = 2147483647;
			files = (
				ABC932EF28C9C72400849DE5 /* MovieCollectionCell.swift in Sources */,
				AB431BDE28C9663F00A99646 /* Extension + UI.swift in Sources */,
				AB431BD128C9580F00A99646 /* LoginViewController.swift in Sources */,
				AB431BDB28C9587A00A99646 /* LoginProtocols.swift in Sources */,
				AB71B19228CA41D6005AF103 /* ProfilePresenter.swift in Sources */,
				AB71B17E28CA3C63005AF103 /* MovieDetailViewController.swift in Sources */,
				AB71B19B28CA4B1E005AF103 /* Networking.swift in Sources */,
				AB431B8F28C9531600A99646 /* AppDelegate.swift in Sources */,
				ABC932E928C997CE00849DE5 /* HomeProtocols.swift in Sources */,
				AB431BD728C9585600A99646 /* LoginEntity.swift in Sources */,
				AB71B19828CA4224005AF103 /* ProfileProtocols.swift in Sources */,
				AB431B9128C9531600A99646 /* SceneDelegate.swift in Sources */,
				AB71B18828CA3CBC005AF103 /* MovieDetailProtocols.swift in Sources */,
				AB71B18228CA3C91005AF103 /* MovieDetailPresenter.swift in Sources */,
				AB431BC828C955F500A99646 /* InitEntity.swift in Sources */,
				AB431BD528C9583F00A99646 /* LoginPresenter.swift in Sources */,
				AB71B18E28CA4197005AF103 /* ProfileViewController.swift in Sources */,
				AB4419EE28CBA5260054BFA9 /* LoaderViewController.swift in Sources */,
				AB431BC628C955E600A99646 /* InitPresenter.swift in Sources */,
				ABC932E728C997C500849DE5 /* HomeRouter.swift in Sources */,
				AB431BC428C955DB00A99646 /* InitInteractor.swift in Sources */,
				AB431BCA28C9560800A99646 /* InitRouter.swift in Sources */,
				ABC932DF28C9979900849DE5 /* HomeViewController.swift in Sources */,
				AB431BC228C955AF00A99646 /* InitViewController.swift in Sources */,
				AB71B19628CA4206005AF103 /* ProfileRouter.swift in Sources */,
				AB71B18628CA3CAF005AF103 /* MovieDetailRouter.swift in Sources */,
				AB431BD328C9583500A99646 /* LoginInteractor.swift in Sources */,
				AB71B19028CA41B8005AF103 /* ProfileInteractor.swift in Sources */,
				AB71B19F28CA4C77005AF103 /* Endpoints.swift in Sources */,
				AB431BD928C9586600A99646 /* LoginRouter.swift in Sources */,
				ABC932E528C997BB00849DE5 /* HomeEntity.swift in Sources */,
				AB71B18028CA3C78005AF103 /* MovieDetailInteractor.swift in Sources */,
				AB71B18428CA3CA5005AF103 /* MovieDetailEntity.swift in Sources */,
				AB71B19428CA41F1005AF103 /* ProfileEntity.swift in Sources */,
				ABC932E328C997AF00849DE5 /* HomePresenter.swift in Sources */,
				AB431BCC28C9561800A99646 /* InitProtocols.swift in Sources */,
				ABC932E128C997A700849DE5 /* HomeInteractor.swift in Sources */,
				AB71B19D28CA4BCA005AF103 /* Constants.swift in Sources */,
			);
			runOnlyForDeploymentPostprocessing = 0;
		};
		AB431B9D28C9531700A99646 /* Sources */ = {
			isa = PBXSourcesBuildPhase;
			buildActionMask = 2147483647;
			files = (
				AB431BA628C9531700A99646 /* TheMoviewDBappTests.swift in Sources */,
			);
			runOnlyForDeploymentPostprocessing = 0;
		};
		AB431BA728C9531700A99646 /* Sources */ = {
			isa = PBXSourcesBuildPhase;
			buildActionMask = 2147483647;
			files = (
				AB431BB028C9531700A99646 /* TheMoviewDBappUITests.swift in Sources */,
				AB431BB228C9531700A99646 /* TheMoviewDBappUITestsLaunchTests.swift in Sources */,
			);
			runOnlyForDeploymentPostprocessing = 0;
		};
/* End PBXSourcesBuildPhase section */

/* Begin PBXTargetDependency section */
		AB431BA328C9531700A99646 /* PBXTargetDependency */ = {
			isa = PBXTargetDependency;
			target = AB431B8A28C9531600A99646 /* TheMoviewDBapp */;
			targetProxy = AB431BA228C9531700A99646 /* PBXContainerItemProxy */;
		};
		AB431BAD28C9531700A99646 /* PBXTargetDependency */ = {
			isa = PBXTargetDependency;
			target = AB431B8A28C9531600A99646 /* TheMoviewDBapp */;
			targetProxy = AB431BAC28C9531700A99646 /* PBXContainerItemProxy */;
		};
/* End PBXTargetDependency section */

/* Begin PBXVariantGroup section */
		AB431B9428C9531600A99646 /* Main.storyboard */ = {
			isa = PBXVariantGroup;
			children = (
				AB431B9528C9531600A99646 /* Base */,
			);
			name = Main.storyboard;
			sourceTree = "<group>";
		};
		AB431B9928C9531700A99646 /* LaunchScreen.storyboard */ = {
			isa = PBXVariantGroup;
			children = (
				AB431B9A28C9531700A99646 /* Base */,
			);
			name = LaunchScreen.storyboard;
			sourceTree = "<group>";
		};
/* End PBXVariantGroup section */

/* Begin XCBuildConfiguration section */
		AB431BB328C9531700A99646 /* Debug */ = {
			isa = XCBuildConfiguration;
			buildSettings = {
				ALWAYS_SEARCH_USER_PATHS = NO;
				CLANG_ANALYZER_NONNULL = YES;
				CLANG_ANALYZER_NUMBER_OBJECT_CONVERSION = YES_AGGRESSIVE;
				CLANG_CXX_LANGUAGE_STANDARD = "gnu++17";
				CLANG_ENABLE_MODULES = YES;
				CLANG_ENABLE_OBJC_ARC = YES;
				CLANG_ENABLE_OBJC_WEAK = YES;
				CLANG_WARN_BLOCK_CAPTURE_AUTORELEASING = YES;
				CLANG_WARN_BOOL_CONVERSION = YES;
				CLANG_WARN_COMMA = YES;
				CLANG_WARN_CONSTANT_CONVERSION = YES;
				CLANG_WARN_DEPRECATED_OBJC_IMPLEMENTATIONS = YES;
				CLANG_WARN_DIRECT_OBJC_ISA_USAGE = YES_ERROR;
				CLANG_WARN_DOCUMENTATION_COMMENTS = YES;
				CLANG_WARN_EMPTY_BODY = YES;
				CLANG_WARN_ENUM_CONVERSION = YES;
				CLANG_WARN_INFINITE_RECURSION = YES;
				CLANG_WARN_INT_CONVERSION = YES;
				CLANG_WARN_NON_LITERAL_NULL_CONVERSION = YES;
				CLANG_WARN_OBJC_IMPLICIT_RETAIN_SELF = YES;
				CLANG_WARN_OBJC_LITERAL_CONVERSION = YES;
				CLANG_WARN_OBJC_ROOT_CLASS = YES_ERROR;
				CLANG_WARN_QUOTED_INCLUDE_IN_FRAMEWORK_HEADER = YES;
				CLANG_WARN_RANGE_LOOP_ANALYSIS = YES;
				CLANG_WARN_STRICT_PROTOTYPES = YES;
				CLANG_WARN_SUSPICIOUS_MOVE = YES;
				CLANG_WARN_UNGUARDED_AVAILABILITY = YES_AGGRESSIVE;
				CLANG_WARN_UNREACHABLE_CODE = YES;
				CLANG_WARN__DUPLICATE_METHOD_MATCH = YES;
				COPY_PHASE_STRIP = NO;
				DEBUG_INFORMATION_FORMAT = dwarf;
				ENABLE_STRICT_OBJC_MSGSEND = YES;
				ENABLE_TESTABILITY = YES;
				GCC_C_LANGUAGE_STANDARD = gnu11;
				GCC_DYNAMIC_NO_PIC = NO;
				GCC_NO_COMMON_BLOCKS = YES;
				GCC_OPTIMIZATION_LEVEL = 0;
				GCC_PREPROCESSOR_DEFINITIONS = (
					"DEBUG=1",
					"$(inherited)",
				);
				GCC_WARN_64_TO_32_BIT_CONVERSION = YES;
				GCC_WARN_ABOUT_RETURN_TYPE = YES_ERROR;
				GCC_WARN_UNDECLARED_SELECTOR = YES;
				GCC_WARN_UNINITIALIZED_AUTOS = YES_AGGRESSIVE;
				GCC_WARN_UNUSED_FUNCTION = YES;
				GCC_WARN_UNUSED_VARIABLE = YES;
				IPHONEOS_DEPLOYMENT_TARGET = 15.5;
				MTL_ENABLE_DEBUG_INFO = INCLUDE_SOURCE;
				MTL_FAST_MATH = YES;
				ONLY_ACTIVE_ARCH = YES;
				SDKROOT = iphoneos;
				SWIFT_ACTIVE_COMPILATION_CONDITIONS = DEBUG;
				SWIFT_OPTIMIZATION_LEVEL = "-Onone";
			};
			name = Debug;
		};
		AB431BB428C9531700A99646 /* Release */ = {
			isa = XCBuildConfiguration;
			buildSettings = {
				ALWAYS_SEARCH_USER_PATHS = NO;
				CLANG_ANALYZER_NONNULL = YES;
				CLANG_ANALYZER_NUMBER_OBJECT_CONVERSION = YES_AGGRESSIVE;
				CLANG_CXX_LANGUAGE_STANDARD = "gnu++17";
				CLANG_ENABLE_MODULES = YES;
				CLANG_ENABLE_OBJC_ARC = YES;
				CLANG_ENABLE_OBJC_WEAK = YES;
				CLANG_WARN_BLOCK_CAPTURE_AUTORELEASING = YES;
				CLANG_WARN_BOOL_CONVERSION = YES;
				CLANG_WARN_COMMA = YES;
				CLANG_WARN_CONSTANT_CONVERSION = YES;
				CLANG_WARN_DEPRECATED_OBJC_IMPLEMENTATIONS = YES;
				CLANG_WARN_DIRECT_OBJC_ISA_USAGE = YES_ERROR;
				CLANG_WARN_DOCUMENTATION_COMMENTS = YES;
				CLANG_WARN_EMPTY_BODY = YES;
				CLANG_WARN_ENUM_CONVERSION = YES;
				CLANG_WARN_INFINITE_RECURSION = YES;
				CLANG_WARN_INT_CONVERSION = YES;
				CLANG_WARN_NON_LITERAL_NULL_CONVERSION = YES;
				CLANG_WARN_OBJC_IMPLICIT_RETAIN_SELF = YES;
				CLANG_WARN_OBJC_LITERAL_CONVERSION = YES;
				CLANG_WARN_OBJC_ROOT_CLASS = YES_ERROR;
				CLANG_WARN_QUOTED_INCLUDE_IN_FRAMEWORK_HEADER = YES;
				CLANG_WARN_RANGE_LOOP_ANALYSIS = YES;
				CLANG_WARN_STRICT_PROTOTYPES = YES;
				CLANG_WARN_SUSPICIOUS_MOVE = YES;
				CLANG_WARN_UNGUARDED_AVAILABILITY = YES_AGGRESSIVE;
				CLANG_WARN_UNREACHABLE_CODE = YES;
				CLANG_WARN__DUPLICATE_METHOD_MATCH = YES;
				COPY_PHASE_STRIP = NO;
				DEBUG_INFORMATION_FORMAT = "dwarf-with-dsym";
				ENABLE_NS_ASSERTIONS = NO;
				ENABLE_STRICT_OBJC_MSGSEND = YES;
				GCC_C_LANGUAGE_STANDARD = gnu11;
				GCC_NO_COMMON_BLOCKS = YES;
				GCC_WARN_64_TO_32_BIT_CONVERSION = YES;
				GCC_WARN_ABOUT_RETURN_TYPE = YES_ERROR;
				GCC_WARN_UNDECLARED_SELECTOR = YES;
				GCC_WARN_UNINITIALIZED_AUTOS = YES_AGGRESSIVE;
				GCC_WARN_UNUSED_FUNCTION = YES;
				GCC_WARN_UNUSED_VARIABLE = YES;
				IPHONEOS_DEPLOYMENT_TARGET = 15.5;
				MTL_ENABLE_DEBUG_INFO = NO;
				MTL_FAST_MATH = YES;
				SDKROOT = iphoneos;
				SWIFT_COMPILATION_MODE = wholemodule;
				SWIFT_OPTIMIZATION_LEVEL = "-O";
				VALIDATE_PRODUCT = YES;
			};
			name = Release;
		};
		AB431BB628C9531700A99646 /* Debug */ = {
			isa = XCBuildConfiguration;
			buildSettings = {
				ASSETCATALOG_COMPILER_APPICON_NAME = AppIcon;
				ASSETCATALOG_COMPILER_GLOBAL_ACCENT_COLOR_NAME = AccentColor;
				CODE_SIGN_STYLE = Automatic;
				CURRENT_PROJECT_VERSION = 1;
				DEVELOPMENT_TEAM = UF7LAQQ759;
				GENERATE_INFOPLIST_FILE = YES;
				INFOPLIST_FILE = TheMoviewDBapp/Info.plist;
				INFOPLIST_KEY_UIApplicationSupportsIndirectInputEvents = YES;
				INFOPLIST_KEY_UILaunchStoryboardName = LaunchScreen;
				INFOPLIST_KEY_UIMainStoryboardFile = Main;
				INFOPLIST_KEY_UISupportedInterfaceOrientations_iPad = "UIInterfaceOrientationPortrait UIInterfaceOrientationPortraitUpsideDown UIInterfaceOrientationLandscapeLeft UIInterfaceOrientationLandscapeRight";
				INFOPLIST_KEY_UISupportedInterfaceOrientations_iPhone = "UIInterfaceOrientationPortrait UIInterfaceOrientationLandscapeLeft UIInterfaceOrientationLandscapeRight";
				LD_RUNPATH_SEARCH_PATHS = (
					"$(inherited)",
					"@executable_path/Frameworks",
				);
				MARKETING_VERSION = 1.0;
				PRODUCT_BUNDLE_IDENTIFIER = demo.TheMoviewDBapp;
				PRODUCT_NAME = "$(TARGET_NAME)";
				SWIFT_EMIT_LOC_STRINGS = YES;
				SWIFT_VERSION = 5.0;
				TARGETED_DEVICE_FAMILY = "1,2";
			};
			name = Debug;
		};
		AB431BB728C9531700A99646 /* Release */ = {
			isa = XCBuildConfiguration;
			buildSettings = {
				ASSETCATALOG_COMPILER_APPICON_NAME = AppIcon;
				ASSETCATALOG_COMPILER_GLOBAL_ACCENT_COLOR_NAME = AccentColor;
				CODE_SIGN_STYLE = Automatic;
				CURRENT_PROJECT_VERSION = 1;
				DEVELOPMENT_TEAM = UF7LAQQ759;
				GENERATE_INFOPLIST_FILE = YES;
				INFOPLIST_FILE = TheMoviewDBapp/Info.plist;
				INFOPLIST_KEY_UIApplicationSupportsIndirectInputEvents = YES;
				INFOPLIST_KEY_UILaunchStoryboardName = LaunchScreen;
				INFOPLIST_KEY_UIMainStoryboardFile = Main;
				INFOPLIST_KEY_UISupportedInterfaceOrientations_iPad = "UIInterfaceOrientationPortrait UIInterfaceOrientationPortraitUpsideDown UIInterfaceOrientationLandscapeLeft UIInterfaceOrientationLandscapeRight";
				INFOPLIST_KEY_UISupportedInterfaceOrientations_iPhone = "UIInterfaceOrientationPortrait UIInterfaceOrientationLandscapeLeft UIInterfaceOrientationLandscapeRight";
				LD_RUNPATH_SEARCH_PATHS = (
					"$(inherited)",
					"@executable_path/Frameworks",
				);
				MARKETING_VERSION = 1.0;
				PRODUCT_BUNDLE_IDENTIFIER = demo.TheMoviewDBapp;
				PRODUCT_NAME = "$(TARGET_NAME)";
				SWIFT_EMIT_LOC_STRINGS = YES;
				SWIFT_VERSION = 5.0;
				TARGETED_DEVICE_FAMILY = "1,2";
			};
			name = Release;
		};
		AB431BB928C9531700A99646 /* Debug */ = {
			isa = XCBuildConfiguration;
			buildSettings = {
				ALWAYS_EMBED_SWIFT_STANDARD_LIBRARIES = YES;
				BUNDLE_LOADER = "$(TEST_HOST)";
				CODE_SIGN_STYLE = Automatic;
				CURRENT_PROJECT_VERSION = 1;
				DEVELOPMENT_TEAM = UF7LAQQ759;
				GENERATE_INFOPLIST_FILE = YES;
				IPHONEOS_DEPLOYMENT_TARGET = 15.5;
				MARKETING_VERSION = 1.0;
				PRODUCT_BUNDLE_IDENTIFIER = demo.TheMoviewDBappTests;
				PRODUCT_NAME = "$(TARGET_NAME)";
				SWIFT_EMIT_LOC_STRINGS = NO;
				SWIFT_VERSION = 5.0;
				TARGETED_DEVICE_FAMILY = "1,2";
				TEST_HOST = "$(BUILT_PRODUCTS_DIR)/TheMoviewDBapp.app/TheMoviewDBapp";
			};
			name = Debug;
		};
		AB431BBA28C9531700A99646 /* Release */ = {
			isa = XCBuildConfiguration;
			buildSettings = {
				ALWAYS_EMBED_SWIFT_STANDARD_LIBRARIES = YES;
				BUNDLE_LOADER = "$(TEST_HOST)";
				CODE_SIGN_STYLE = Automatic;
				CURRENT_PROJECT_VERSION = 1;
				DEVELOPMENT_TEAM = UF7LAQQ759;
				GENERATE_INFOPLIST_FILE = YES;
				IPHONEOS_DEPLOYMENT_TARGET = 15.5;
				MARKETING_VERSION = 1.0;
				PRODUCT_BUNDLE_IDENTIFIER = demo.TheMoviewDBappTests;
				PRODUCT_NAME = "$(TARGET_NAME)";
				SWIFT_EMIT_LOC_STRINGS = NO;
				SWIFT_VERSION = 5.0;
				TARGETED_DEVICE_FAMILY = "1,2";
				TEST_HOST = "$(BUILT_PRODUCTS_DIR)/TheMoviewDBapp.app/TheMoviewDBapp";
			};
			name = Release;
		};
		AB431BBC28C9531700A99646 /* Debug */ = {
			isa = XCBuildConfiguration;
			buildSettings = {
				ALWAYS_EMBED_SWIFT_STANDARD_LIBRARIES = YES;
				CODE_SIGN_STYLE = Automatic;
				CURRENT_PROJECT_VERSION = 1;
				DEVELOPMENT_TEAM = UF7LAQQ759;
				GENERATE_INFOPLIST_FILE = YES;
				MARKETING_VERSION = 1.0;
				PRODUCT_BUNDLE_IDENTIFIER = demo.TheMoviewDBappUITests;
				PRODUCT_NAME = "$(TARGET_NAME)";
				SWIFT_EMIT_LOC_STRINGS = NO;
				SWIFT_VERSION = 5.0;
				TARGETED_DEVICE_FAMILY = "1,2";
				TEST_TARGET_NAME = TheMoviewDBapp;
			};
			name = Debug;
		};
		AB431BBD28C9531700A99646 /* Release */ = {
			isa = XCBuildConfiguration;
			buildSettings = {
				ALWAYS_EMBED_SWIFT_STANDARD_LIBRARIES = YES;
				CODE_SIGN_STYLE = Automatic;
				CURRENT_PROJECT_VERSION = 1;
				DEVELOPMENT_TEAM = UF7LAQQ759;
				GENERATE_INFOPLIST_FILE = YES;
				MARKETING_VERSION = 1.0;
				PRODUCT_BUNDLE_IDENTIFIER = demo.TheMoviewDBappUITests;
				PRODUCT_NAME = "$(TARGET_NAME)";
				SWIFT_EMIT_LOC_STRINGS = NO;
				SWIFT_VERSION = 5.0;
				TARGETED_DEVICE_FAMILY = "1,2";
				TEST_TARGET_NAME = TheMoviewDBapp;
			};
			name = Release;
		};
/* End XCBuildConfiguration section */

/* Begin XCConfigurationList section */
		AB431B8628C9531600A99646 /* Build configuration list for PBXProject "TheMoviewDBapp" */ = {
			isa = XCConfigurationList;
			buildConfigurations = (
				AB431BB328C9531700A99646 /* Debug */,
				AB431BB428C9531700A99646 /* Release */,
			);
			defaultConfigurationIsVisible = 0;
			defaultConfigurationName = Release;
		};
		AB431BB528C9531700A99646 /* Build configuration list for PBXNativeTarget "TheMoviewDBapp" */ = {
			isa = XCConfigurationList;
			buildConfigurations = (
				AB431BB628C9531700A99646 /* Debug */,
				AB431BB728C9531700A99646 /* Release */,
			);
			defaultConfigurationIsVisible = 0;
			defaultConfigurationName = Release;
		};
		AB431BB828C9531700A99646 /* Build configuration list for PBXNativeTarget "TheMoviewDBappTests" */ = {
			isa = XCConfigurationList;
			buildConfigurations = (
				AB431BB928C9531700A99646 /* Debug */,
				AB431BBA28C9531700A99646 /* Release */,
			);
			defaultConfigurationIsVisible = 0;
			defaultConfigurationName = Release;
		};
		AB431BBB28C9531700A99646 /* Build configuration list for PBXNativeTarget "TheMoviewDBappUITests" */ = {
			isa = XCConfigurationList;
			buildConfigurations = (
				AB431BBC28C9531700A99646 /* Debug */,
				AB431BBD28C9531700A99646 /* Release */,
			);
			defaultConfigurationIsVisible = 0;
			defaultConfigurationName = Release;
		};
/* End XCConfigurationList section */
	};
	rootObject = AB431B8328C9531600A99646 /* Project object */;
}
